// !$*UTF8*$!
{
	archiveVersion = 1;
	classes = {
	};
	objectVersion = 50;
	objects = {

/* Begin PBXBuildFile section */
		8B106676219047DC001713F2 /* AppDelegate.m in Sources */ = {isa = PBXBuildFile; fileRef = 8B106675219047DC001713F2 /* AppDelegate.m */; };
		8B106679219047DC001713F2 /* ViewController.m in Sources */ = {isa = PBXBuildFile; fileRef = 8B106678219047DC001713F2 /* ViewController.m */; };
		8B10667C219047DC001713F2 /* Main.storyboard in Resources */ = {isa = PBXBuildFile; fileRef = 8B10667A219047DC001713F2 /* Main.storyboard */; };
		8B10667E219047DE001713F2 /* Assets.xcassets in Resources */ = {isa = PBXBuildFile; fileRef = 8B10667D219047DE001713F2 /* Assets.xcassets */; };
		8B106681219047DE001713F2 /* LaunchScreen.storyboard in Resources */ = {isa = PBXBuildFile; fileRef = 8B10667F219047DE001713F2 /* LaunchScreen.storyboard */; };
		8B106684219047DE001713F2 /* main.m in Sources */ = {isa = PBXBuildFile; fileRef = 8B106683219047DE001713F2 /* main.m */; };
		8B10668E219047DE001713F2 /* zxcTests.m in Sources */ = {isa = PBXBuildFile; fileRef = 8B10668D219047DE001713F2 /* zxcTests.m */; };
		8B106699219047DE001713F2 /* zxcUITests.m in Sources */ = {isa = PBXBuildFile; fileRef = 8B106698219047DE001713F2 /* zxcUITests.m */; };
/* End PBXBuildFile section */

/* Begin PBXContainerItemProxy section */
		8B10668A219047DE001713F2 /* PBXContainerItemProxy */ = {
			isa = PBXContainerItemProxy;
			containerPortal = 8B106669219047DC001713F2 /* Project object */;
			proxyType = 1;
			remoteGlobalIDString = 8B106670219047DC001713F2;
			remoteInfo = zxc;
		};
		8B106695219047DE001713F2 /* PBXContainerItemProxy */ = {
			isa = PBXContainerItemProxy;
			containerPortal = 8B106669219047DC001713F2 /* Project object */;
			proxyType = 1;
			remoteGlobalIDString = 8B106670219047DC001713F2;
			remoteInfo = zxc;
		};
/* End PBXContainerItemProxy section */

/* Begin PBXFileReference section */
		8B106671219047DC001713F2 /* zxc.app */ = {isa = PBXFileReference; explicitFileType = wrapper.application; includeInIndex = 0; path = zxc.app; sourceTree = BUILT_PRODUCTS_DIR; };
		8B106674219047DC001713F2 /* AppDelegate.h */ = {isa = PBXFileReference; lastKnownFileType = sourcecode.c.h; path = AppDelegate.h; sourceTree = "<group>"; };
		8B106675219047DC001713F2 /* AppDelegate.m */ = {isa = PBXFileReference; lastKnownFileType = sourcecode.c.objc; path = AppDelegate.m; sourceTree = "<group>"; };
		8B106677219047DC001713F2 /* ViewController.h */ = {isa = PBXFileReference; lastKnownFileType = sourcecode.c.h; path = ViewController.h; sourceTree = "<group>"; };
		8B106678219047DC001713F2 /* ViewController.m */ = {isa = PBXFileReference; lastKnownFileType = sourcecode.c.objc; path = ViewController.m; sourceTree = "<group>"; };
		8B10667B219047DC001713F2 /* Base */ = {isa = PBXFileReference; lastKnownFileType = file.storyboard; name = Base; path = Base.lproj/Main.storyboard; sourceTree = "<group>"; };
		8B10667D219047DE001713F2 /* Assets.xcassets */ = {isa = PBXFileReference; lastKnownFileType = folder.assetcatalog; path = Assets.xcassets; sourceTree = "<group>"; };
		8B106680219047DE001713F2 /* Base */ = {isa = PBXFileReference; lastKnownFileType = file.storyboard; name = Base; path = Base.lproj/LaunchScreen.storyboard; sourceTree = "<group>"; };
		8B106682219047DE001713F2 /* Info.plist */ = {isa = PBXFileReference; lastKnownFileType = text.plist.xml; path = Info.plist; sourceTree = "<group>"; };
		8B106683219047DE001713F2 /* main.m */ = {isa = PBXFileReference; lastKnownFileType = sourcecode.c.objc; path = main.m; sourceTree = "<group>"; };
		8B106689219047DE001713F2 /* zxcTests.xctest */ = {isa = PBXFileReference; explicitFileType = wrapper.cfbundle; includeInIndex = 0; path = zxcTests.xctest; sourceTree = BUILT_PRODUCTS_DIR; };
		8B10668D219047DE001713F2 /* zxcTests.m */ = {isa = PBXFileReference; lastKnownFileType = sourcecode.c.objc; path = zxcTests.m; sourceTree = "<group>"; };
		8B10668F219047DE001713F2 /* Info.plist */ = {isa = PBXFileReference; lastKnownFileType = text.plist.xml; path = Info.plist; sourceTree = "<group>"; };
		8B106694219047DE001713F2 /* zxcUITests.xctest */ = {isa = PBXFileReference; explicitFileType = wrapper.cfbundle; includeInIndex = 0; path = zxcUITests.xctest; sourceTree = BUILT_PRODUCTS_DIR; };
		8B106698219047DE001713F2 /* zxcUITests.m */ = {isa = PBXFileReference; lastKnownFileType = sourcecode.c.objc; path = zxcUITests.m; sourceTree = "<group>"; };
		8B10669A219047DE001713F2 /* Info.plist */ = {isa = PBXFileReference; lastKnownFileType = text.plist.xml; path = Info.plist; sourceTree = "<group>"; };
/* End PBXFileReference section */

/* Begin PBXFrameworksBuildPhase section */
		8B10666E219047DC001713F2 /* Frameworks */ = {
			isa = PBXFrameworksBuildPhase;
			buildActionMask = 2147483647;
			files = (
			);
			runOnlyForDeploymentPostprocessing = 0;
		};
		8B106686219047DE001713F2 /* Frameworks */ = {
			isa = PBXFrameworksBuildPhase;
			buildActionMask = 2147483647;
			files = (
			);
			runOnlyForDeploymentPostprocessing = 0;
		};
		8B106691219047DE001713F2 /* Frameworks */ = {
			isa = PBXFrameworksBuildPhase;
			buildActionMask = 2147483647;
			files = (
			);
			runOnlyForDeploymentPostprocessing = 0;
		};
/* End PBXFrameworksBuildPhase section */

/* Begin PBXGroup section */
		8B106668219047DC001713F2 = {
			isa = PBXGroup;
			children = (
				8B106673219047DC001713F2 /* zxc */,
				8B10668C219047DE001713F2 /* zxcTests */,
				8B106697219047DE001713F2 /* zxcUITests */,
				8B106672219047DC001713F2 /* Products */,
			);
			sourceTree = "<group>";
		};
		8B106672219047DC001713F2 /* Products */ = {
			isa = PBXGroup;
			children = (
				8B106671219047DC001713F2 /* zxc.app */,
				8B106689219047DE001713F2 /* zxcTests.xctest */,
				8B106694219047DE001713F2 /* zxcUITests.xctest */,
			);
			name = Products;
			sourceTree = "<group>";
		};
		8B106673219047DC001713F2 /* zxc */ = {
			isa = PBXGroup;
			children = (
				8B106674219047DC001713F2 /* AppDelegate.h */,
				8B106675219047DC001713F2 /* AppDelegate.m */,
				8B106677219047DC001713F2 /* ViewController.h */,
				8B106678219047DC001713F2 /* ViewController.m */,
				8B10667A219047DC001713F2 /* Main.storyboard */,
				8B10667D219047DE001713F2 /* Assets.xcassets */,
				8B10667F219047DE001713F2 /* LaunchScreen.storyboard */,
				8B106682219047DE001713F2 /* Info.plist */,
				8B106683219047DE001713F2 /* main.m */,
			);
			path = zxc;
			sourceTree = "<group>";
		};
		8B10668C219047DE001713F2 /* zxcTests */ = {
			isa = PBXGroup;
			children = (
				8B10668D219047DE001713F2 /* zxcTests.m */,
				8B10668F219047DE001713F2 /* Info.plist */,
			);
			path = zxcTests;
			sourceTree = "<group>";
		};
		8B106697219047DE001713F2 /* zxcUITests */ = {
			isa = PBXGroup;
			children = (
				8B106698219047DE001713F2 /* zxcUITests.m */,
				8B10669A219047DE001713F2 /* Info.plist */,
			);
			path = zxcUITests;
			sourceTree = "<group>";
		};
/* End PBXGroup section */

/* Begin PBXNativeTarget section */
		8B106670219047DC001713F2 /* zxc */ = {
			isa = PBXNativeTarget;
			buildConfigurationList = 8B10669D219047DE001713F2 /* Build configuration list for PBXNativeTarget "zxc" */;
			buildPhases = (
				8B10666D219047DC001713F2 /* Sources */,
				8B10666E219047DC001713F2 /* Frameworks */,
				8B10666F219047DC001713F2 /* Resources */,
			);
			buildRules = (
			);
			dependencies = (
			);
			name = zxc;
			productName = zxc;
			productReference = 8B106671219047DC001713F2 /* zxc.app */;
			productType = "com.apple.product-type.application";
		};
		8B106688219047DE001713F2 /* zxcTests */ = {
			isa = PBXNativeTarget;
			buildConfigurationList = 8B1066A0219047DE001713F2 /* Build configuration list for PBXNativeTarget "zxcTests" */;
			buildPhases = (
				8B106685219047DE001713F2 /* Sources */,
				8B106686219047DE001713F2 /* Frameworks */,
				8B106687219047DE001713F2 /* Resources */,
			);
			buildRules = (
			);
			dependencies = (
				8B10668B219047DE001713F2 /* PBXTargetDependency */,
			);
			name = zxcTests;
			productName = zxcTests;
			productReference = 8B106689219047DE001713F2 /* zxcTests.xctest */;
			productType = "com.apple.product-type.bundle.unit-test";
		};
		8B106693219047DE001713F2 /* zxcUITests */ = {
			isa = PBXNativeTarget;
			buildConfigurationList = 8B1066A3219047DE001713F2 /* Build configuration list for PBXNativeTarget "zxcUITests" */;
			buildPhases = (
				8B106690219047DE001713F2 /* Sources */,
				8B106691219047DE001713F2 /* Frameworks */,
				8B106692219047DE001713F2 /* Resources */,
			);
			buildRules = (
			);
			dependencies = (
				8B106696219047DE001713F2 /* PBXTargetDependency */,
			);
			name = zxcUITests;
			productName = zxcUITests;
			productReference = 8B106694219047DE001713F2 /* zxcUITests.xctest */;
			productType = "com.apple.product-type.bundle.ui-testing";
		};
/* End PBXNativeTarget section */

/* Begin PBXProject section */
		8B106669219047DC001713F2 /* Project object */ = {
			isa = PBXProject;
			attributes = {
				LastUpgradeCheck = 1010;
				ORGANIZATIONNAME = "耿智聪";
				TargetAttributes = {
					8B106670219047DC001713F2 = {
						CreatedOnToolsVersion = 10.1;
					};
					8B106688219047DE001713F2 = {
						CreatedOnToolsVersion = 10.1;
						TestTargetID = 8B106670219047DC001713F2;
					};
					8B106693219047DE001713F2 = {
						CreatedOnToolsVersion = 10.1;
						TestTargetID = 8B106670219047DC001713F2;
					};
				};
			};
			buildConfigurationList = 8B10666C219047DC001713F2 /* Build configuration list for PBXProject "zxc" */;
			compatibilityVersion = "Xcode 9.3";
			developmentRegion = en;
			hasScannedForEncodings = 0;
			knownRegions = (
				en,
				Base,
			);
			mainGroup = 8B106668219047DC001713F2;
			productRefGroup = 8B106672219047DC001713F2 /* Products */;
			projectDirPath = "";
			projectRoot = "";
			targets = (
				8B106670219047DC001713F2 /* zxc */,
				8B106688219047DE001713F2 /* zxcTests */,
				8B106693219047DE001713F2 /* zxcUITests */,
			);
		};
/* End PBXProject section */

/* Begin PBXResourcesBuildPhase section */
		8B10666F219047DC001713F2 /* Resources */ = {
			isa = PBXResourcesBuildPhase;
			buildActionMask = 2147483647;
			files = (
				8B106681219047DE001713F2 /* LaunchScreen.storyboard in Resources */,
				8B10667E219047DE001713F2 /* Assets.xcassets in Resources */,
				8B10667C219047DC001713F2 /* Main.storyboard in Resources */,
			);
			runOnlyForDeploymentPostprocessing = 0;
		};
		8B106687219047DE001713F2 /* Resources */ = {
			isa = PBXResourcesBuildPhase;
			buildActionMask = 2147483647;
			files = (
			);
			runOnlyForDeploymentPostprocessing = 0;
		};
		8B106692219047DE001713F2 /* Resources */ = {
			isa = PBXResourcesBuildPhase;
			buildActionMask = 2147483647;
			files = (
			);
			runOnlyForDeploymentPostprocessing = 0;
		};
/* End PBXResourcesBuildPhase section */

/* Begin PBXSourcesBuildPhase section */
		8B10666D219047DC001713F2 /* Sources */ = {
			isa = PBXSourcesBuildPhase;
			buildActionMask = 2147483647;
			files = (
				8B106679219047DC001713F2 /* ViewController.m in Sources */,
				8B106684219047DE001713F2 /* main.m in Sources */,
				8B106676219047DC001713F2 /* AppDelegate.m in Sources */,
			);
			runOnlyForDeploymentPostprocessing = 0;
		};
		8B106685219047DE001713F2 /* Sources */ = {
			isa = PBXSourcesBuildPhase;
			buildActionMask = 2147483647;
			files = (
				8B10668E219047DE001713F2 /* zxcTests.m in Sources */,
			);
			runOnlyForDeploymentPostprocessing = 0;
		};
		8B106690219047DE001713F2 /* Sources */ = {
			isa = PBXSourcesBuildPhase;
			buildActionMask = 2147483647;
			files = (
				8B106699219047DE001713F2 /* zxcUITests.m in Sources */,
			);
			runOnlyForDeploymentPostprocessing = 0;
		};
/* End PBXSourcesBuildPhase section */

/* Begin PBXTargetDependency section */
		8B10668B219047DE001713F2 /* PBXTargetDependency */ = {
			isa = PBXTargetDependency;
			target = 8B106670219047DC001713F2 /* zxc */;
			targetProxy = 8B10668A219047DE001713F2 /* PBXContainerItemProxy */;
		};
		8B106696219047DE001713F2 /* PBXTargetDependency */ = {
			isa = PBXTargetDependency;
			target = 8B106670219047DC001713F2 /* zxc */;
			targetProxy = 8B106695219047DE001713F2 /* PBXContainerItemProxy */;
		};
/* End PBXTargetDependency section */

/* Begin PBXVariantGroup section */
		8B10667A219047DC001713F2 /* Main.storyboard */ = {
			isa = PBXVariantGroup;
			children = (
				8B10667B219047DC001713F2 /* Base */,
			);
			name = Main.storyboard;
			sourceTree = "<group>";
		};
		8B10667F219047DE001713F2 /* LaunchScreen.storyboard */ = {
			isa = PBXVariantGroup;
			children = (
				8B106680219047DE001713F2 /* Base */,
			);
			name = LaunchScreen.storyboard;
			sourceTree = "<group>";
		};
/* End PBXVariantGroup section */

/* Begin XCBuildConfiguration section */
		8B10669B219047DE001713F2 /* Debug */ = {
			isa = XCBuildConfiguration;
			buildSettings = {
				ALWAYS_SEARCH_USER_PATHS = NO;
				CLANG_ANALYZER_NONNULL = YES;
				CLANG_ANALYZER_NUMBER_OBJECT_CONVERSION = YES_AGGRESSIVE;
				CLANG_CXX_LANGUAGE_STANDARD = "gnu++14";
				CLANG_CXX_LIBRARY = "libc++";
				CLANG_ENABLE_MODULES = YES;
				CLANG_ENABLE_OBJC_ARC = YES;
				CLANG_ENABLE_OBJC_WEAK = YES;
				CLANG_WARN_BLOCK_CAPTURE_AUTORELEASING = YES;
				CLANG_WARN_BOOL_CONVERSION = YES;
				CLANG_WARN_COMMA = YES;
				CLANG_WARN_CONSTANT_CONVERSION = YES;
				CLANG_WARN_DEPRECATED_OBJC_IMPLEMENTATIONS = YES;
				CLANG_WARN_DIRECT_OBJC_ISA_USAGE = YES_ERROR;
				CLANG_WARN_DOCUMENTATION_COMMENTS = YES;
				CLANG_WARN_EMPTY_BODY = YES;
				CLANG_WARN_ENUM_CONVERSION = YES;
				CLANG_WARN_INFINITE_RECURSION = YES;
				CLANG_WARN_INT_CONVERSION = YES;
				CLANG_WARN_NON_LITERAL_NULL_CONVERSION = YES;
				CLANG_WARN_OBJC_IMPLICIT_RETAIN_SELF = YES;
				CLANG_WARN_OBJC_LITERAL_CONVERSION = YES;
				CLANG_WARN_OBJC_ROOT_CLASS = YES_ERROR;
				CLANG_WARN_RANGE_LOOP_ANALYSIS = YES;
				CLANG_WARN_STRICT_PROTOTYPES = YES;
				CLANG_WARN_SUSPICIOUS_MOVE = YES;
				CLANG_WARN_UNGUARDED_AVAILABILITY = YES_AGGRESSIVE;
				CLANG_WARN_UNREACHABLE_CODE = YES;
				CLANG_WARN__DUPLICATE_METHOD_MATCH = YES;
				CODE_SIGN_IDENTITY = "iPhone Developer";
				COPY_PHASE_STRIP = NO;
				DEBUG_INFORMATION_FORMAT = dwarf;
				ENABLE_STRICT_OBJC_MSGSEND = YES;
				ENABLE_TESTABILITY = YES;
				GCC_C_LANGUAGE_STANDARD = gnu11;
				GCC_DYNAMIC_NO_PIC = NO;
				GCC_NO_COMMON_BLOCKS = YES;
				GCC_OPTIMIZATION_LEVEL = 0;
				GCC_PREPROCESSOR_DEFINITIONS = (
					"DEBUG=1",
					"$(inherited)",
				);
				GCC_WARN_64_TO_32_BIT_CONVERSION = YES;
				GCC_WARN_ABOUT_RETURN_TYPE = YES_ERROR;
				GCC_WARN_UNDECLARED_SELECTOR = YES;
				GCC_WARN_UNINITIALIZED_AUTOS = YES_AGGRESSIVE;
				GCC_WARN_UNUSED_FUNCTION = YES;
				GCC_WARN_UNUSED_VARIABLE = YES;
				IPHONEOS_DEPLOYMENT_TARGET = 12.1;
				MTL_ENABLE_DEBUG_INFO = INCLUDE_SOURCE;
				MTL_FAST_MATH = YES;
				ONLY_ACTIVE_ARCH = YES;
				SDKROOT = iphoneos;
			};
			name = Debug;
		};
		8B10669C219047DE001713F2 /* Release */ = {
			isa = XCBuildConfiguration;
			buildSettings = {
				ALWAYS_SEARCH_USER_PATHS = NO;
				CLANG_ANALYZER_NONNULL = YES;
				CLANG_ANALYZER_NUMBER_OBJECT_CONVERSION = YES_AGGRESSIVE;
				CLANG_CXX_LANGUAGE_STANDARD = "gnu++14";
				CLANG_CXX_LIBRARY = "libc++";
				CLANG_ENABLE_MODULES = YES;
				CLANG_ENABLE_OBJC_ARC = YES;
				CLANG_ENABLE_OBJC_WEAK = YES;
				CLANG_WARN_BLOCK_CAPTURE_AUTORELEASING = YES;
				CLANG_WARN_BOOL_CONVERSION = YES;
				CLANG_WARN_COMMA = YES;
				CLANG_WARN_CONSTANT_CONVERSION = YES;
				CLANG_WARN_DEPRECATED_OBJC_IMPLEMENTATIONS = YES;
				CLANG_WARN_DIRECT_OBJC_ISA_USAGE = YES_ERROR;
				CLANG_WARN_DOCUMENTATION_COMMENTS = YES;
				CLANG_WARN_EMPTY_BODY = YES;
				CLANG_WARN_ENUM_CONVERSION = YES;
				CLANG_WARN_INFINITE_RECURSION = YES;
				CLANG_WARN_INT_CONVERSION = YES;
				CLANG_WARN_NON_LITERAL_NULL_CONVERSION = YES;
				CLANG_WARN_OBJC_IMPLICIT_RETAIN_SELF = YES;
				CLANG_WARN_OBJC_LITERAL_CONVERSION = YES;
				CLANG_WARN_OBJC_ROOT_CLASS = YES_ERROR;
				CLANG_WARN_RANGE_LOOP_ANALYSIS = YES;
				CLANG_WARN_STRICT_PROTOTYPES = YES;
				CLANG_WARN_SUSPICIOUS_MOVE = YES;
				CLANG_WARN_UNGUARDED_AVAILABILITY = YES_AGGRESSIVE;
				CLANG_WARN_UNREACHABLE_CODE = YES;
				CLANG_WARN__DUPLICATE_METHOD_MATCH = YES;
				CODE_SIGN_IDENTITY = "iPhone Developer";
				COPY_PHASE_STRIP = NO;
				DEBUG_INFORMATION_FORMAT = "dwarf-with-dsym";
				ENABLE_NS_ASSERTIONS = NO;
				ENABLE_STRICT_OBJC_MSGSEND = YES;
				GCC_C_LANGUAGE_STANDARD = gnu11;
				GCC_NO_COMMON_BLOCKS = YES;
				GCC_WARN_64_TO_32_BIT_CONVERSION = YES;
				GCC_WARN_ABOUT_RETURN_TYPE = YES_ERROR;
				GCC_WARN_UNDECLARED_SELECTOR = YES;
				GCC_WARN_UNINITIALIZED_AUTOS = YES_AGGRESSIVE;
				GCC_WARN_UNUSED_FUNCTION = YES;
				GCC_WARN_UNUSED_VARIABLE = YES;
				IPHONEOS_DEPLOYMENT_TARGET = 12.1;
				MTL_ENABLE_DEBUG_INFO = NO;
				MTL_FAST_MATH = YES;
				SDKROOT = iphoneos;
				VALIDATE_PRODUCT = YES;
			};
			name = Release;
		};
		8B10669E219047DE001713F2 /* Debug */ = {
			isa = XCBuildConfiguration;
			buildSettings = {
				ASSETCATALOG_COMPILER_APPICON_NAME = AppIcon;
				CODE_SIGN_STYLE = Manual;
				DEVELOPMENT_TEAM = "";
				INFOPLIST_FILE = zxc/Info.plist;
				LD_RUNPATH_SEARCH_PATHS = (
					"$(inherited)",
					"@executable_path/Frameworks",
				);
				PRODUCT_BUNDLE_IDENTIFIER = com.higzc.zxc;
				PRODUCT_NAME = "$(TARGET_NAME)";
				PROVISIONING_PROFILE_SPECIFIER = "";
				TARGETED_DEVICE_FAMILY = "1,2";
			};
			name = Debug;
		};
		8B10669F219047DE001713F2 /* Release */ = {
			isa = XCBuildConfiguration;
			buildSettings = {
				ASSETCATALOG_COMPILER_APPICON_NAME = AppIcon;
				CODE_SIGN_STYLE = Manual;
				DEVELOPMENT_TEAM = "";
				INFOPLIST_FILE = zxc/Info.plist;
				LD_RUNPATH_SEARCH_PATHS = (
					"$(inherited)",
					"@executable_path/Frameworks",
				);
				PRODUCT_BUNDLE_IDENTIFIER = com.higzc.zxc;
				PRODUCT_NAME = "$(TARGET_NAME)";
				PROVISIONING_PROFILE_SPECIFIER = "";
				TARGETED_DEVICE_FAMILY = "1,2";
			};
			name = Release;
		};
		8B1066A1219047DE001713F2 /* Debug */ = {
			isa = XCBuildConfiguration;
			buildSettings = {
				BUNDLE_LOADER = "$(TEST_HOST)";
				CODE_SIGN_STYLE = Automatic;
				INFOPLIST_FILE = zxcTests/Info.plist;
				LD_RUNPATH_SEARCH_PATHS = (
					"$(inherited)",
					"@executable_path/Frameworks",
					"@loader_path/Frameworks",
				);
				PRODUCT_BUNDLE_IDENTIFIER = com.higzc.zxcTests;
				PRODUCT_NAME = "$(TARGET_NAME)";
				TARGETED_DEVICE_FAMILY = "1,2";
				TEST_HOST = "$(BUILT_PRODUCTS_DIR)/zxc.app/zxc";
			};
			name = Debug;
		};
		8B1066A2219047DE001713F2 /* Release */ = {
			isa = XCBuildConfiguration;
			buildSettings = {
				BUNDLE_LOADER = "$(TEST_HOST)";
				CODE_SIGN_STYLE = Automatic;
				INFOPLIST_FILE = zxcTests/Info.plist;
				LD_RUNPATH_SEARCH_PATHS = (
					"$(inherited)",
					"@executable_path/Frameworks",
					"@loader_path/Frameworks",
				);
				PRODUCT_BUNDLE_IDENTIFIER = com.higzc.zxcTests;
				PRODUCT_NAME = "$(TARGET_NAME)";
				TARGETED_DEVICE_FAMILY = "1,2";
				TEST_HOST = "$(BUILT_PRODUCTS_DIR)/zxc.app/zxc";
			};
			name = Release;
		};
		8B1066A4219047DE001713F2 /* Debug */ = {
			isa = XCBuildConfiguration;
			buildSettings = {
				CODE_SIGN_STYLE = Automatic;
				INFOPLIST_FILE = zxcUITests/Info.plist;
				LD_RUNPATH_SEARCH_PATHS = (
					"$(inherited)",
					"@executable_path/Frameworks",
					"@loader_path/Frameworks",
				);
				PRODUCT_BUNDLE_IDENTIFIER = com.higzc.zxcUITests;
				PRODUCT_NAME = "$(TARGET_NAME)";
				TARGETED_DEVICE_FAMILY = "1,2";
				TEST_TARGET_NAME = zxc;
			};
			name = Debug;
		};
		8B1066A5219047DE001713F2 /* Release */ = {
			isa = XCBuildConfiguration;
			buildSettings = {
				CODE_SIGN_STYLE = Automatic;
				INFOPLIST_FILE = zxcUITests/Info.plist;
				LD_RUNPATH_SEARCH_PATHS = (
					"$(inherited)",
					"@executable_path/Frameworks",
					"@loader_path/Frameworks",
				);
				PRODUCT_BUNDLE_IDENTIFIER = com.higzc.zxcUITests;
				PRODUCT_NAME = "$(TARGET_NAME)";
				TARGETED_DEVICE_FAMILY = "1,2";
				TEST_TARGET_NAME = zxc;
			};
			name = Release;
		};
/* End XCBuildConfiguration section */

/* Begin XCConfigurationList section */
		8B10666C219047DC001713F2 /* Build configuration list for PBXProject "zxc" */ = {
			isa = XCConfigurationList;
			buildConfigurations = (
				8B10669B219047DE001713F2 /* Debug */,
				8B10669C219047DE001713F2 /* Release */,
			);
			defaultConfigurationIsVisible = 0;
			defaultConfigurationName = Release;
		};
		8B10669D219047DE001713F2 /* Build configuration list for PBXNativeTarget "zxc" */ = {
			isa = XCConfigurationList;
			buildConfigurations = (
				8B10669E219047DE001713F2 /* Debug */,
				8B10669F219047DE001713F2 /* Release */,
			);
			defaultConfigurationIsVisible = 0;
			defaultConfigurationName = Release;
		};
		8B1066A0219047DE001713F2 /* Build configuration list for PBXNativeTarget "zxcTests" */ = {
			isa = XCConfigurationList;
			buildConfigurations = (
				8B1066A1219047DE001713F2 /* Debug */,
				8B1066A2219047DE001713F2 /* Release */,
			);
			defaultConfigurationIsVisible = 0;
			defaultConfigurationName = Release;
		};
		8B1066A3219047DE001713F2 /* Build configuration list for PBXNativeTarget "zxcUITests" */ = {
			isa = XCConfigurationList;
			buildConfigurations = (
				8B1066A4219047DE001713F2 /* Debug */,
				8B1066A5219047DE001713F2 /* Release */,
			);
			defaultConfigurationIsVisible = 0;
			defaultConfigurationName = Release;
		};
/* End XCConfigurationList section */
	};
	rootObject = 8B106669219047DC001713F2 /* Project object */;
}
